{
  "object": {
    "pins": [
      {
        "package": "KeychainAccess",
        "repositoryURL": "https://github.com/kishikawakatsumi/KeychainAccess.git",
        "state": {
          "branch": "master",
          "revision": "b00f91d92ccb20f67196837db19aaf1a1b9e2ed7",
          "version": null
        }
      },
      {
        "package": "SwiftSoup",
        "repositoryURL": "git@github.com:scinfu/SwiftSoup.git",
        "state": {
          "branch": null,
          "revision": "7f187fd8804e63dea89879c95d7c2f7703727d0f",
          "version": "2.3.0"
        }
      }
    ]
  },
  "version": 1
}
